
Microsoft Visual Studio Solution File, Format Version 12.00
# Visual Studio 14
VisualStudioVersion = 14.0.25123.0
MinimumVisualStudioVersion = 10.0.40219.1
Project("{FAE04EC0-301F-11D3-BF4B-00C04F79EFBC}") = "HijriDatePicker.Library", "HijriDatePicker.Library\HijriDatePicker.Library.csproj", "{68AB5FF2-FC16-411E-8E82-C00A02D7B787}"
EndProject
Project("{FAE04EC0-301F-11D3-BF4B-00C04F79EFBC}") = "Sample", "Sample\Sample.csproj", "{C75B160C-1DFD-45E7-9EAF-8706B333BAF1}"
EndProject
Global
	GlobalSection(SolutionConfigurationPlatforms) = preSolution
		Debug|Any CPU = Debug|Any CPU
		Release|Any CPU = Release|Any CPU
	EndGlobalSection
	GlobalSection(ProjectConfigurationPlatforms) = postSolution
		{68AB5FF2-FC16-411E-8E82-C00A02D7B787}.Debug|Any CPU.ActiveCfg = Debug|Any CPU
		{68AB5FF2-FC16-411E-8E82-C00A02D7B787}.Debug|Any CPU.Build.0 = Debug|Any CPU
		{68AB5FF2-FC16-411E-8E82-C00A02D7B787}.Release|Any CPU.ActiveCfg = Release|Any CPU
		{68AB5FF2-FC16-411E-8E82-C00A02D7B787}.Release|Any CPU.Build.0 = Release|Any CPU
		{C75B160C-1DFD-45E7-9EAF-8706B333BAF1}.Debug|Any CPU.ActiveCfg = Debug|Any CPU
		{C75B160C-1DFD-45E7-9EAF-8706B333BAF1}.Debug|Any CPU.Build.0 = Debug|Any CPU
		{C75B160C-1DFD-45E7-9EAF-8706B333BAF1}.Debug|Any CPU.Deploy.0 = Debug|Any CPU
		{C75B160C-1DFD-45E7-9EAF-8706B333BAF1}.Release|Any CPU.ActiveCfg = Release|Any CPU
		{C75B160C-1DFD-45E7-9EAF-8706B333BAF1}.Release|Any CPU.Build.0 = Release|Any CPU
		{C75B160C-1DFD-45E7-9EAF-8706B333BAF1}.Release|Any CPU.Deploy.0 = Release|Any CPU
	EndGlobalSection
	GlobalSection(SolutionProperties) = preSolution
		HideSolutionNode = FALSE
	EndGlobalSection
EndGlobal
